
Microsoft Visual Studio Solution File, Format Version 12.00
# Visual Studio Version 16
VisualStudioVersion = 16.0.28516.95
MinimumVisualStudioVersion = 10.0.40219.1
Project("{2150E333-8FDC-42A3-9474-1A3956D46DE8}") = "Samples", "Samples", "{D14A6F7B-27DA-4C28-A976-8CED01378EA5}"
EndProject
Project("{2150E333-8FDC-42A3-9474-1A3956D46DE8}") = "ConsoleApplication", "ConsoleApplication", "{89B15E8C-428F-4D07-8668-73D59AB5D285}"
EndProject
Project("{FAE04EC0-301F-11D3-BF4B-00C04F79EFBC}") = "ConsoleApplication.App", "Samples\ConsoleApplication\ConsoleApplication.App\ConsoleApplication.App.csproj", "{FFBF21BB-8303-4470-9152-EC57C42716B1}"
EndProject
Project("{2150E333-8FDC-42A3-9474-1A3956D46DE8}") = "Windows Forms", "Windows Forms", "{30F30CDB-23F6-4A95-A07F-3D47136B9204}"
EndProject
Project("{FAE04EC0-301F-11D3-BF4B-00C04F79EFBC}") = "WindowsForms.App", "Samples\WindowsForms\WindowsForms.App\WindowsForms.App.csproj", "{96DA9A20-B822-4F4E-899B-D3C6E1DC268E}"
EndProject
Project("{2150E333-8FDC-42A3-9474-1A3956D46DE8}") = "WPF", "WPF", "{04445F10-A8B7-47DB-8894-C5C0BE70625C}"
EndProject
Project("{FAE04EC0-301F-11D3-BF4B-00C04F79EFBC}") = "WpfApplication.App", "Samples\WpfApplication\WpfApplication.App\WpfApplication.App.csproj", "{FE9FDF70-8019-49C9-9563-1ABA1F56EB4D}"
EndProject
Project("{9A19103F-16F7-4668-BE54-9A1E7A4F7556}") = "DesktopBridge.Helpers", "DesktopBridge.Helpers\DesktopBridge.Helpers.csproj", "{D76EC0C3-9EDF-4917-9541-1AE875746472}"
EndProject
Project("{2150E333-8FDC-42A3-9474-1A3956D46DE8}") = "WPF (.NET Core)", "WPF (.NET Core)", "{C084AA33-D41A-4070-9D82-DC17B020A14A}"
EndProject
Project("{C7167F0D-BC9F-4E6E-AFE1-012C56B48DB5}") = "ConsoleApplication.Package", "Samples\ConsoleApplication\ConsoleApplication.Package\ConsoleApplication.Package.wapproj", "{A76FF0C5-23A3-4A7B-B671-BBBA24730713}"
EndProject
Project("{C7167F0D-BC9F-4E6E-AFE1-012C56B48DB5}") = "WindowsForms.Package", "Samples\WindowsForms\WindowsForms.Package\WindowsForms.Package.wapproj", "{479AD728-507B-436A-82D9-821179E13A99}"
EndProject
Project("{C7167F0D-BC9F-4E6E-AFE1-012C56B48DB5}") = "WpfApplication.Package", "Samples\WpfApplication\WpfApplication.Package\WpfApplication.Package.wapproj", "{E373C139-D35D-45B8-8CC9-69A4418F6EAD}"
EndProject
Project("{9A19103F-16F7-4668-BE54-9A1E7A4F7556}") = "WpfNetCore.App", "Samples\WpfNetCore\WpfNetCore.App\WpfNetCore.App.csproj", "{C6499739-404D-4781-84FC-824A658A8AE8}"
EndProject
Project("{C7167F0D-BC9F-4E6E-AFE1-012C56B48DB5}") = "WpfNetCore.Package", "Samples\WpfNetCore\WpfNetCore.Package\WpfNetCore.Package.wapproj", "{2B30574C-E498-4F2E-9B66-7B18B701634C}"
EndProject
Global
	GlobalSection(SolutionConfigurationPlatforms) = preSolution
		Debug|Any CPU = Debug|Any CPU
		Debug|ARM = Debug|ARM
		Debug|x64 = Debug|x64
		Debug|x86 = Debug|x86
		Release|Any CPU = Release|Any CPU
		Release|ARM = Release|ARM
		Release|x64 = Release|x64
		Release|x86 = Release|x86
	EndGlobalSection
	GlobalSection(ProjectConfigurationPlatforms) = postSolution
		{FFBF21BB-8303-4470-9152-EC57C42716B1}.Debug|Any CPU.ActiveCfg = Debug|Any CPU
		{FFBF21BB-8303-4470-9152-EC57C42716B1}.Debug|Any CPU.Build.0 = Debug|Any CPU
		{FFBF21BB-8303-4470-9152-EC57C42716B1}.Debug|ARM.ActiveCfg = Debug|Any CPU
		{FFBF21BB-8303-4470-9152-EC57C42716B1}.Debug|ARM.Build.0 = Debug|Any CPU
		{FFBF21BB-8303-4470-9152-EC57C42716B1}.Debug|x64.ActiveCfg = Debug|Any CPU
		{FFBF21BB-8303-4470-9152-EC57C42716B1}.Debug|x64.Build.0 = Debug|Any CPU
		{FFBF21BB-8303-4470-9152-EC57C42716B1}.Debug|x86.ActiveCfg = Debug|Any CPU
		{FFBF21BB-8303-4470-9152-EC57C42716B1}.Debug|x86.Build.0 = Debug|Any CPU
		{FFBF21BB-8303-4470-9152-EC57C42716B1}.Release|Any CPU.ActiveCfg = Release|Any CPU
		{FFBF21BB-8303-4470-9152-EC57C42716B1}.Release|Any CPU.Build.0 = Release|Any CPU
		{FFBF21BB-8303-4470-9152-EC57C42716B1}.Release|ARM.ActiveCfg = Release|Any CPU
		{FFBF21BB-8303-4470-9152-EC57C42716B1}.Release|ARM.Build.0 = Release|Any CPU
		{FFBF21BB-8303-4470-9152-EC57C42716B1}.Release|x64.ActiveCfg = Release|Any CPU
		{FFBF21BB-8303-4470-9152-EC57C42716B1}.Release|x64.Build.0 = Release|Any CPU
		{FFBF21BB-8303-4470-9152-EC57C42716B1}.Release|x86.ActiveCfg = Release|Any CPU
		{FFBF21BB-8303-4470-9152-EC57C42716B1}.Release|x86.Build.0 = Release|Any CPU
		{96DA9A20-B822-4F4E-899B-D3C6E1DC268E}.Debug|Any CPU.ActiveCfg = Debug|Any CPU
		{96DA9A20-B822-4F4E-899B-D3C6E1DC268E}.Debug|Any CPU.Build.0 = Debug|Any CPU
		{96DA9A20-B822-4F4E-899B-D3C6E1DC268E}.Debug|ARM.ActiveCfg = Debug|Any CPU
		{96DA9A20-B822-4F4E-899B-D3C6E1DC268E}.Debug|ARM.Build.0 = Debug|Any CPU
		{96DA9A20-B822-4F4E-899B-D3C6E1DC268E}.Debug|x64.ActiveCfg = Debug|Any CPU
		{96DA9A20-B822-4F4E-899B-D3C6E1DC268E}.Debug|x64.Build.0 = Debug|Any CPU
		{96DA9A20-B822-4F4E-899B-D3C6E1DC268E}.Debug|x86.ActiveCfg = Debug|Any CPU
		{96DA9A20-B822-4F4E-899B-D3C6E1DC268E}.Debug|x86.Build.0 = Debug|Any CPU
		{96DA9A20-B822-4F4E-899B-D3C6E1DC268E}.Release|Any CPU.ActiveCfg = Release|Any CPU
		{96DA9A20-B822-4F4E-899B-D3C6E1DC268E}.Release|Any CPU.Build.0 = Release|Any CPU
		{96DA9A20-B822-4F4E-899B-D3C6E1DC268E}.Release|ARM.ActiveCfg = Release|Any CPU
		{96DA9A20-B822-4F4E-899B-D3C6E1DC268E}.Release|ARM.Build.0 = Release|Any CPU
		{96DA9A20-B822-4F4E-899B-D3C6E1DC268E}.Release|x64.ActiveCfg = Release|Any CPU
		{96DA9A20-B822-4F4E-899B-D3C6E1DC268E}.Release|x64.Build.0 = Release|Any CPU
		{96DA9A20-B822-4F4E-899B-D3C6E1DC268E}.Release|x86.ActiveCfg = Release|Any CPU
		{96DA9A20-B822-4F4E-899B-D3C6E1DC268E}.Release|x86.Build.0 = Release|Any CPU
		{FE9FDF70-8019-49C9-9563-1ABA1F56EB4D}.Debug|Any CPU.ActiveCfg = Debug|Any CPU
		{FE9FDF70-8019-49C9-9563-1ABA1F56EB4D}.Debug|Any CPU.Build.0 = Debug|Any CPU
		{FE9FDF70-8019-49C9-9563-1ABA1F56EB4D}.Debug|ARM.ActiveCfg = Debug|Any CPU
		{FE9FDF70-8019-49C9-9563-1ABA1F56EB4D}.Debug|ARM.Build.0 = Debug|Any CPU
		{FE9FDF70-8019-49C9-9563-1ABA1F56EB4D}.Debug|x64.ActiveCfg = Debug|Any CPU
		{FE9FDF70-8019-49C9-9563-1ABA1F56EB4D}.Debug|x64.Build.0 = Debug|Any CPU
		{FE9FDF70-8019-49C9-9563-1ABA1F56EB4D}.Debug|x86.ActiveCfg = Debug|Any CPU
		{FE9FDF70-8019-49C9-9563-1ABA1F56EB4D}.Debug|x86.Build.0 = Debug|Any CPU
		{FE9FDF70-8019-49C9-9563-1ABA1F56EB4D}.Release|Any CPU.ActiveCfg = Release|Any CPU
		{FE9FDF70-8019-49C9-9563-1ABA1F56EB4D}.Release|Any CPU.Build.0 = Release|Any CPU
		{FE9FDF70-8019-49C9-9563-1ABA1F56EB4D}.Release|ARM.ActiveCfg = Release|Any CPU
		{FE9FDF70-8019-49C9-9563-1ABA1F56EB4D}.Release|ARM.Build.0 = Release|Any CPU
		{FE9FDF70-8019-49C9-9563-1ABA1F56EB4D}.Release|x64.ActiveCfg = Release|Any CPU
		{FE9FDF70-8019-49C9-9563-1ABA1F56EB4D}.Release|x64.Build.0 = Release|Any CPU
		{FE9FDF70-8019-49C9-9563-1ABA1F56EB4D}.Release|x86.ActiveCfg = Release|Any CPU
		{FE9FDF70-8019-49C9-9563-1ABA1F56EB4D}.Release|x86.Build.0 = Release|Any CPU
		{D76EC0C3-9EDF-4917-9541-1AE875746472}.Debug|Any CPU.ActiveCfg = Debug|Any CPU
		{D76EC0C3-9EDF-4917-9541-1AE875746472}.Debug|Any CPU.Build.0 = Debug|Any CPU
		{D76EC0C3-9EDF-4917-9541-1AE875746472}.Debug|ARM.ActiveCfg = Debug|Any CPU
		{D76EC0C3-9EDF-4917-9541-1AE875746472}.Debug|ARM.Build.0 = Debug|Any CPU
		{D76EC0C3-9EDF-4917-9541-1AE875746472}.Debug|x64.ActiveCfg = Debug|Any CPU
		{D76EC0C3-9EDF-4917-9541-1AE875746472}.Debug|x64.Build.0 = Debug|Any CPU
		{D76EC0C3-9EDF-4917-9541-1AE875746472}.Debug|x86.ActiveCfg = Debug|Any CPU
		{D76EC0C3-9EDF-4917-9541-1AE875746472}.Debug|x86.Build.0 = Debug|Any CPU
		{D76EC0C3-9EDF-4917-9541-1AE875746472}.Release|Any CPU.ActiveCfg = Release|Any CPU
		{D76EC0C3-9EDF-4917-9541-1AE875746472}.Release|Any CPU.Build.0 = Release|Any CPU
		{D76EC0C3-9EDF-4917-9541-1AE875746472}.Release|ARM.ActiveCfg = Release|Any CPU
		{D76EC0C3-9EDF-4917-9541-1AE875746472}.Release|ARM.Build.0 = Release|Any CPU
		{D76EC0C3-9EDF-4917-9541-1AE875746472}.Release|x64.ActiveCfg = Release|Any CPU
		{D76EC0C3-9EDF-4917-9541-1AE875746472}.Release|x64.Build.0 = Release|Any CPU
		{D76EC0C3-9EDF-4917-9541-1AE875746472}.Release|x86.ActiveCfg = Release|Any CPU
		{D76EC0C3-9EDF-4917-9541-1AE875746472}.Release|x86.Build.0 = Release|Any CPU
		{A76FF0C5-23A3-4A7B-B671-BBBA24730713}.Debug|Any CPU.ActiveCfg = Debug|Any CPU
		{A76FF0C5-23A3-4A7B-B671-BBBA24730713}.Debug|Any CPU.Build.0 = Debug|Any CPU
		{A76FF0C5-23A3-4A7B-B671-BBBA24730713}.Debug|Any CPU.Deploy.0 = Debug|Any CPU
		{A76FF0C5-23A3-4A7B-B671-BBBA24730713}.Debug|ARM.ActiveCfg = Debug|Any CPU
		{A76FF0C5-23A3-4A7B-B671-BBBA24730713}.Debug|ARM.Build.0 = Debug|Any CPU
		{A76FF0C5-23A3-4A7B-B671-BBBA24730713}.Debug|ARM.Deploy.0 = Debug|Any CPU
		{A76FF0C5-23A3-4A7B-B671-BBBA24730713}.Debug|x64.ActiveCfg = Debug|x64
		{A76FF0C5-23A3-4A7B-B671-BBBA24730713}.Debug|x64.Build.0 = Debug|x64
		{A76FF0C5-23A3-4A7B-B671-BBBA24730713}.Debug|x64.Deploy.0 = Debug|x64
		{A76FF0C5-23A3-4A7B-B671-BBBA24730713}.Debug|x86.ActiveCfg = Debug|x86
		{A76FF0C5-23A3-4A7B-B671-BBBA24730713}.Debug|x86.Build.0 = Debug|x86
		{A76FF0C5-23A3-4A7B-B671-BBBA24730713}.Debug|x86.Deploy.0 = Debug|x86
		{A76FF0C5-23A3-4A7B-B671-BBBA24730713}.Release|Any CPU.ActiveCfg = Release|Any CPU
		{A76FF0C5-23A3-4A7B-B671-BBBA24730713}.Release|Any CPU.Build.0 = Release|Any CPU
		{A76FF0C5-23A3-4A7B-B671-BBBA24730713}.Release|Any CPU.Deploy.0 = Release|Any CPU
		{A76FF0C5-23A3-4A7B-B671-BBBA24730713}.Release|ARM.ActiveCfg = Release|Any CPU
		{A76FF0C5-23A3-4A7B-B671-BBBA24730713}.Release|ARM.Build.0 = Release|Any CPU
		{A76FF0C5-23A3-4A7B-B671-BBBA24730713}.Release|ARM.Deploy.0 = Release|Any CPU
		{A76FF0C5-23A3-4A7B-B671-BBBA24730713}.Release|x64.ActiveCfg = Release|x64
		{A76FF0C5-23A3-4A7B-B671-BBBA24730713}.Release|x64.Build.0 = Release|x64
		{A76FF0C5-23A3-4A7B-B671-BBBA24730713}.Release|x64.Deploy.0 = Release|x64
		{A76FF0C5-23A3-4A7B-B671-BBBA24730713}.Release|x86.ActiveCfg = Release|x86
		{A76FF0C5-23A3-4A7B-B671-BBBA24730713}.Release|x86.Build.0 = Release|x86
		{A76FF0C5-23A3-4A7B-B671-BBBA24730713}.Release|x86.Deploy.0 = Release|x86
		{479AD728-507B-436A-82D9-821179E13A99}.Debug|Any CPU.ActiveCfg = Debug|Any CPU
		{479AD728-507B-436A-82D9-821179E13A99}.Debug|Any CPU.Build.0 = Debug|Any CPU
		{479AD728-507B-436A-82D9-821179E13A99}.Debug|Any CPU.Deploy.0 = Debug|Any CPU
		{479AD728-507B-436A-82D9-821179E13A99}.Debug|ARM.ActiveCfg = Debug|Any CPU
		{479AD728-507B-436A-82D9-821179E13A99}.Debug|ARM.Build.0 = Debug|Any CPU
		{479AD728-507B-436A-82D9-821179E13A99}.Debug|ARM.Deploy.0 = Debug|Any CPU
		{479AD728-507B-436A-82D9-821179E13A99}.Debug|x64.ActiveCfg = Debug|x64
		{479AD728-507B-436A-82D9-821179E13A99}.Debug|x64.Build.0 = Debug|x64
		{479AD728-507B-436A-82D9-821179E13A99}.Debug|x64.Deploy.0 = Debug|x64
		{479AD728-507B-436A-82D9-821179E13A99}.Debug|x86.ActiveCfg = Debug|x86
		{479AD728-507B-436A-82D9-821179E13A99}.Debug|x86.Build.0 = Debug|x86
		{479AD728-507B-436A-82D9-821179E13A99}.Debug|x86.Deploy.0 = Debug|x86
		{479AD728-507B-436A-82D9-821179E13A99}.Release|Any CPU.ActiveCfg = Release|Any CPU
		{479AD728-507B-436A-82D9-821179E13A99}.Release|Any CPU.Build.0 = Release|Any CPU
		{479AD728-507B-436A-82D9-821179E13A99}.Release|Any CPU.Deploy.0 = Release|Any CPU
		{479AD728-507B-436A-82D9-821179E13A99}.Release|ARM.ActiveCfg = Release|Any CPU
		{479AD728-507B-436A-82D9-821179E13A99}.Release|ARM.Build.0 = Release|Any CPU
		{479AD728-507B-436A-82D9-821179E13A99}.Release|ARM.Deploy.0 = Release|Any CPU
		{479AD728-507B-436A-82D9-821179E13A99}.Release|x64.ActiveCfg = Release|x64
		{479AD728-507B-436A-82D9-821179E13A99}.Release|x64.Build.0 = Release|x64
		{479AD728-507B-436A-82D9-821179E13A99}.Release|x64.Deploy.0 = Release|x64
		{479AD728-507B-436A-82D9-821179E13A99}.Release|x86.ActiveCfg = Release|x86
		{479AD728-507B-436A-82D9-821179E13A99}.Release|x86.Build.0 = Release|x86
		{479AD728-507B-436A-82D9-821179E13A99}.Release|x86.Deploy.0 = Release|x86
		{E373C139-D35D-45B8-8CC9-69A4418F6EAD}.Debug|Any CPU.ActiveCfg = Debug|Any CPU
		{E373C139-D35D-45B8-8CC9-69A4418F6EAD}.Debug|Any CPU.Build.0 = Debug|Any CPU
		{E373C139-D35D-45B8-8CC9-69A4418F6EAD}.Debug|Any CPU.Deploy.0 = Debug|Any CPU
		{E373C139-D35D-45B8-8CC9-69A4418F6EAD}.Debug|ARM.ActiveCfg = Debug|Any CPU
		{E373C139-D35D-45B8-8CC9-69A4418F6EAD}.Debug|ARM.Build.0 = Debug|Any CPU
		{E373C139-D35D-45B8-8CC9-69A4418F6EAD}.Debug|ARM.Deploy.0 = Debug|Any CPU
		{E373C139-D35D-45B8-8CC9-69A4418F6EAD}.Debug|x64.ActiveCfg = Debug|x64
		{E373C139-D35D-45B8-8CC9-69A4418F6EAD}.Debug|x64.Build.0 = Debug|x64
		{E373C139-D35D-45B8-8CC9-69A4418F6EAD}.Debug|x64.Deploy.0 = Debug|x64
		{E373C139-D35D-45B8-8CC9-69A4418F6EAD}.Debug|x86.ActiveCfg = Debug|x86
		{E373C139-D35D-45B8-8CC9-69A4418F6EAD}.Debug|x86.Build.0 = Debug|x86
		{E373C139-D35D-45B8-8CC9-69A4418F6EAD}.Debug|x86.Deploy.0 = Debug|x86
		{E373C139-D35D-45B8-8CC9-69A4418F6EAD}.Release|Any CPU.ActiveCfg = Release|Any CPU
		{E373C139-D35D-45B8-8CC9-69A4418F6EAD}.Release|Any CPU.Build.0 = Release|Any CPU
		{E373C139-D35D-45B8-8CC9-69A4418F6EAD}.Release|Any CPU.Deploy.0 = Release|Any CPU
		{E373C139-D35D-45B8-8CC9-69A4418F6EAD}.Release|ARM.ActiveCfg = Release|Any CPU
		{E373C139-D35D-45B8-8CC9-69A4418F6EAD}.Release|ARM.Build.0 = Release|Any CPU
		{E373C139-D35D-45B8-8CC9-69A4418F6EAD}.Release|ARM.Deploy.0 = Release|Any CPU
		{E373C139-D35D-45B8-8CC9-69A4418F6EAD}.Release|x64.ActiveCfg = Release|x64
		{E373C139-D35D-45B8-8CC9-69A4418F6EAD}.Release|x64.Build.0 = Release|x64
		{E373C139-D35D-45B8-8CC9-69A4418F6EAD}.Release|x64.Deploy.0 = Release|x64
		{E373C139-D35D-45B8-8CC9-69A4418F6EAD}.Release|x86.ActiveCfg = Release|x86
		{E373C139-D35D-45B8-8CC9-69A4418F6EAD}.Release|x86.Build.0 = Release|x86
		{E373C139-D35D-45B8-8CC9-69A4418F6EAD}.Release|x86.Deploy.0 = Release|x86
		{C6499739-404D-4781-84FC-824A658A8AE8}.Debug|Any CPU.ActiveCfg = Debug|Any CPU
		{C6499739-404D-4781-84FC-824A658A8AE8}.Debug|Any CPU.Build.0 = Debug|Any CPU
		{C6499739-404D-4781-84FC-824A658A8AE8}.Debug|ARM.ActiveCfg = Debug|Any CPU
		{C6499739-404D-4781-84FC-824A658A8AE8}.Debug|ARM.Build.0 = Debug|Any CPU
		{C6499739-404D-4781-84FC-824A658A8AE8}.Debug|x64.ActiveCfg = Debug|Any CPU
		{C6499739-404D-4781-84FC-824A658A8AE8}.Debug|x64.Build.0 = Debug|Any CPU
		{C6499739-404D-4781-84FC-824A658A8AE8}.Debug|x86.ActiveCfg = Debug|Any CPU
		{C6499739-404D-4781-84FC-824A658A8AE8}.Debug|x86.Build.0 = Debug|Any CPU
		{C6499739-404D-4781-84FC-824A658A8AE8}.Release|Any CPU.ActiveCfg = Release|Any CPU
		{C6499739-404D-4781-84FC-824A658A8AE8}.Release|Any CPU.Build.0 = Release|Any CPU
		{C6499739-404D-4781-84FC-824A658A8AE8}.Release|ARM.ActiveCfg = Release|Any CPU
		{C6499739-404D-4781-84FC-824A658A8AE8}.Release|ARM.Build.0 = Release|Any CPU
		{C6499739-404D-4781-84FC-824A658A8AE8}.Release|x64.ActiveCfg = Release|Any CPU
		{C6499739-404D-4781-84FC-824A658A8AE8}.Release|x64.Build.0 = Release|Any CPU
		{C6499739-404D-4781-84FC-824A658A8AE8}.Release|x86.ActiveCfg = Release|Any CPU
		{C6499739-404D-4781-84FC-824A658A8AE8}.Release|x86.Build.0 = Release|Any CPU
		{2B30574C-E498-4F2E-9B66-7B18B701634C}.Debug|Any CPU.ActiveCfg = Debug|Any CPU
		{2B30574C-E498-4F2E-9B66-7B18B701634C}.Debug|Any CPU.Build.0 = Debug|Any CPU
		{2B30574C-E498-4F2E-9B66-7B18B701634C}.Debug|Any CPU.Deploy.0 = Debug|Any CPU
		{2B30574C-E498-4F2E-9B66-7B18B701634C}.Debug|ARM.ActiveCfg = Debug|Any CPU
		{2B30574C-E498-4F2E-9B66-7B18B701634C}.Debug|ARM.Build.0 = Debug|Any CPU
		{2B30574C-E498-4F2E-9B66-7B18B701634C}.Debug|ARM.Deploy.0 = Debug|Any CPU
		{2B30574C-E498-4F2E-9B66-7B18B701634C}.Debug|x64.ActiveCfg = Debug|x64
		{2B30574C-E498-4F2E-9B66-7B18B701634C}.Debug|x64.Build.0 = Debug|x64
		{2B30574C-E498-4F2E-9B66-7B18B701634C}.Debug|x64.Deploy.0 = Debug|x64
		{2B30574C-E498-4F2E-9B66-7B18B701634C}.Debug|x86.ActiveCfg = Debug|x86
		{2B30574C-E498-4F2E-9B66-7B18B701634C}.Debug|x86.Build.0 = Debug|x86
		{2B30574C-E498-4F2E-9B66-7B18B701634C}.Debug|x86.Deploy.0 = Debug|x86
		{2B30574C-E498-4F2E-9B66-7B18B701634C}.Release|Any CPU.ActiveCfg = Release|Any CPU
		{2B30574C-E498-4F2E-9B66-7B18B701634C}.Release|Any CPU.Build.0 = Release|Any CPU
		{2B30574C-E498-4F2E-9B66-7B18B701634C}.Release|Any CPU.Deploy.0 = Release|Any CPU
		{2B30574C-E498-4F2E-9B66-7B18B701634C}.Release|ARM.ActiveCfg = Release|Any CPU
		{2B30574C-E498-4F2E-9B66-7B18B701634C}.Release|ARM.Build.0 = Release|Any CPU
		{2B30574C-E498-4F2E-9B66-7B18B701634C}.Release|ARM.Deploy.0 = Release|Any CPU
		{2B30574C-E498-4F2E-9B66-7B18B701634C}.Release|x64.ActiveCfg = Release|x64
		{2B30574C-E498-4F2E-9B66-7B18B701634C}.Release|x64.Build.0 = Release|x64
		{2B30574C-E498-4F2E-9B66-7B18B701634C}.Release|x64.Deploy.0 = Release|x64
		{2B30574C-E498-4F2E-9B66-7B18B701634C}.Release|x86.ActiveCfg = Release|x86
		{2B30574C-E498-4F2E-9B66-7B18B701634C}.Release|x86.Build.0 = Release|x86
		{2B30574C-E498-4F2E-9B66-7B18B701634C}.Release|x86.Deploy.0 = Release|x86
	EndGlobalSection
	GlobalSection(SolutionProperties) = preSolution
		HideSolutionNode = FALSE
	EndGlobalSection
	GlobalSection(NestedProjects) = preSolution
		{89B15E8C-428F-4D07-8668-73D59AB5D285} = {D14A6F7B-27DA-4C28-A976-8CED01378EA5}
		{FFBF21BB-8303-4470-9152-EC57C42716B1} = {89B15E8C-428F-4D07-8668-73D59AB5D285}
		{30F30CDB-23F6-4A95-A07F-3D47136B9204} = {D14A6F7B-27DA-4C28-A976-8CED01378EA5}
		{96DA9A20-B822-4F4E-899B-D3C6E1DC268E} = {30F30CDB-23F6-4A95-A07F-3D47136B9204}
		{04445F10-A8B7-47DB-8894-C5C0BE70625C} = {D14A6F7B-27DA-4C28-A976-8CED01378EA5}
		{FE9FDF70-8019-49C9-9563-1ABA1F56EB4D} = {04445F10-A8B7-47DB-8894-C5C0BE70625C}
		{C084AA33-D41A-4070-9D82-DC17B020A14A} = {D14A6F7B-27DA-4C28-A976-8CED01378EA5}
		{A76FF0C5-23A3-4A7B-B671-BBBA24730713} = {89B15E8C-428F-4D07-8668-73D59AB5D285}
		{479AD728-507B-436A-82D9-821179E13A99} = {30F30CDB-23F6-4A95-A07F-3D47136B9204}
		{E373C139-D35D-45B8-8CC9-69A4418F6EAD} = {04445F10-A8B7-47DB-8894-C5C0BE70625C}
		{C6499739-404D-4781-84FC-824A658A8AE8} = {C084AA33-D41A-4070-9D82-DC17B020A14A}
		{2B30574C-E498-4F2E-9B66-7B18B701634C} = {C084AA33-D41A-4070-9D82-DC17B020A14A}
	EndGlobalSection
	GlobalSection(ExtensibilityGlobals) = postSolution
		SolutionGuid = {9DA4F857-07B6-4E33-8D37-947D68660C8C}
	EndGlobalSection
EndGlobal
